{
  "name": "data-load",
  "version": "1.0.0",
  "lockfileVersion": 1,
  "requires": true,
  "dependencies": {
    "async-limiter": {
      "version": "1.0.0",
      "resolved": "https://registry.npmjs.org/async-limiter/-/async-limiter-1.0.0.tgz",
      "integrity": "sha512-jp/uFnooOiO+L211eZOoSyzpOITMXx1rBITauYykG3BRYPu8h0UcxsPNB04RR5vo4Tyz3+ay17tR6JVf9qzYWg=="
    },
    "deeks": {
      "version": "1.0.0",
      "resolved": "https://registry.npmjs.org/deeks/-/deeks-1.0.0.tgz",
      "integrity": "sha512-4HGx4c/HCv1ZYOU0/E/805uBCJEPrDadlBtqVvhkP2SypZXVfyT3Xqu7Q3Om1SmeWnOuMaHsRLpfTIa2rIT/jQ==",
      "requires": {
        "underscore": "1.9.1"
      }
    },
    "doc-path": {
      "version": "1.3.1",
      "resolved": "https://registry.npmjs.org/doc-path/-/doc-path-1.3.1.tgz",
      "integrity": "sha512-DCi52AvveWNVudfYAD49koA2chOXw7hHpr0lhgRrvUmynyD8wvTUYNXd+NITgQgEBd1qtzorPHhFij+GvI2PqA=="
    },
    "enigma.js": {
      "version": "2.4.0",
      "resolved": "https://registry.npmjs.org/enigma.js/-/enigma.js-2.4.0.tgz",
      "integrity": "sha512-aqHQ5NoLRP0t+D/cXaH8iD4VGOgVR7MC38hwfgw2Y0VRbIgeNy3LyChlPiBBYB/K3/MlcRqJKZPaitwcTcxozw=="
    },
    "halyard.js": {
      "version": "1.3.2",
      "resolved": "https://registry.npmjs.org/halyard.js/-/halyard.js-1.3.2.tgz",
      "integrity": "sha512-wMlhXq8QM0R7nrwRL3XNkuTb2o7ZySL1aS13mj1QdMcgdfbnq5ACI42m9ryzEI93r+0auo3VJe4r/9vNE99MBg=="
    },
    "json-2-csv": {
      "version": "3.1.1",
      "resolved": "https://registry.npmjs.org/json-2-csv/-/json-2-csv-3.1.1.tgz",
      "integrity": "sha512-CfQF1wvyaOxidyidkvZpDmmAqtDp89Isl8OkTiYftCXqwR7qwQoTAjFwtRDmAjea2lw+bd+K6cQXOcIXj6rt3g==",
      "requires": {
        "deeks": "1.0.0",
        "doc-path": "1.3.1",
        "underscore": "1.9.1"
      }
    },
    "underscore": {
      "version": "1.9.1",
      "resolved": "https://registry.npmjs.org/underscore/-/underscore-1.9.1.tgz",
      "integrity": "sha512-5/4etnCkd9c8gwgowi5/om/mYO5ajCaOgdzj/oW+0eQV9WxKBDZw5+ycmKmeaTXjInS/W0BzpGLo2xR2aBwZdg=="
    },
    "ws": {
      "version": "6.1.2",
      "resolved": "https://registry.npmjs.org/ws/-/ws-6.1.2.tgz",
      "integrity": "sha512-rfUqzvz0WxmSXtJpPMX2EeASXabOrSMk1ruMOV3JBTBjo4ac2lDjGGsbQSyxj8Odhw5fBib8ZKEjDNvgouNKYw==",
      "requires": {
        "async-limiter": "~1.0.0"
      }
    }
  }
}
